
Microsoft Visual Studio Solution File, Format Version 12.00
# Visual Studio Version 17
VisualStudioVersion = 17.6.33829.357
MinimumVisualStudioVersion = 10.0.40219.1
Project("{FAE04EC0-301F-11D3-BF4B-00C04F79EFBC}") = "WordFinderApp", "WordFinderApp.csproj", "{790273A9-AE25-43D2-9592-55C421F8AFBE}"
EndProject
Global
	GlobalSection(SolutionConfigurationPlatforms) = preSolution
		Debug|Any CPU = Debug|Any CPU
		Release|Any CPU = Release|Any CPU
	EndGlobalSection
	GlobalSection(ProjectConfigurationPlatforms) = postSolution
		{790273A9-AE25-43D2-9592-55C421F8AFBE}.Debug|Any CPU.ActiveCfg = Debug|Any CPU
		{790273A9-AE25-43D2-9592-55C421F8AFBE}.Debug|Any CPU.Build.0 = Debug|Any CPU
		{790273A9-AE25-43D2-9592-55C421F8AFBE}.Release|Any CPU.ActiveCfg = Release|Any CPU
		{790273A9-AE25-43D2-9592-55C421F8AFBE}.Release|Any CPU.Build.0 = Release|Any CPU
	EndGlobalSection
	GlobalSection(SolutionProperties) = preSolution
		HideSolutionNode = FALSE
	EndGlobalSection
	GlobalSection(ExtensibilityGlobals) = postSolution
		SolutionGuid = {ED056627-30A1-4DA2-A5CD-49D9ED9B171D}
	EndGlobalSection
EndGlobal
